{
  "name": "nodejs",
  "version": "1.0.0",
  "lockfileVersion": 3,
  "requires": true,
  "packages": {
    "": {
      "name": "nodejs",
      "version": "1.0.0",
      "license": "MIT",
      "dependencies": {
        "isnumber": "^1.0.0"
      }
    },
    "node_modules/isnumber": {
      "version": "1.0.0",
      "resolved": "https://registry.npmjs.org/isnumber/-/isnumber-1.0.0.tgz",
      "integrity": "sha512-JLiSz/zsZcGFXPrB4I/AGBvtStkt+8QmksyZBZnVXnnK9XdTEyz0tX8CRYljtwYDuIuZzih6DpHQdi+3Q6zHPw==",
      "license": "MIT"
    }
  }
}
